
Microsoft Visual Studio Solution File, Format Version 12.00
# Visual Studio Version 17
VisualStudioVersion = 17.13.35931.197
MinimumVisualStudioVersion = 10.0.40219.1
Project("{2150E333-8FDC-42A3-9474-1A3956D46DE8}") = "BuildingBlocks", "BuildingBlocks", "{36D591C7-65C7-A0D1-1CBC-10CDE441BDC8}"
EndProject
Project("{FAE04EC0-301F-11D3-BF4B-00C04F79EFBC}") = "BuildingBlocks", "BuildingBlocks\BuildingBlocks\BuildingBlocks.csproj", "{F5BC22E1-E478-4EAF-B283-3F59F416643F}"
EndProject
Project("{2150E333-8FDC-42A3-9474-1A3956D46DE8}") = "Services", "Services", "{DC7FF349-4055-4A09-8477-CF4F5E12E95C}"
EndProject
Project("{2150E333-8FDC-42A3-9474-1A3956D46DE8}") = "Catalog", "Catalog", "{C7ED41C0-7D25-4306-B34A-B35EAE419406}"
EndProject
Project("{FAE04EC0-301F-11D3-BF4B-00C04F79EFBC}") = "Catalog.API", "Services\Catalog\Catalog.API\Catalog.API\Catalog.API.csproj", "{C3E6CACB-8EEF-4EC6-99D0-BFA259454D95}"
EndProject
Global
	GlobalSection(SolutionConfigurationPlatforms) = preSolution
		Debug|Any CPU = Debug|Any CPU
		Release|Any CPU = Release|Any CPU
	EndGlobalSection
	GlobalSection(ProjectConfigurationPlatforms) = postSolution
		{F5BC22E1-E478-4EAF-B283-3F59F416643F}.Debug|Any CPU.ActiveCfg = Debug|Any CPU
		{F5BC22E1-E478-4EAF-B283-3F59F416643F}.Debug|Any CPU.Build.0 = Debug|Any CPU
		{F5BC22E1-E478-4EAF-B283-3F59F416643F}.Release|Any CPU.ActiveCfg = Release|Any CPU
		{F5BC22E1-E478-4EAF-B283-3F59F416643F}.Release|Any CPU.Build.0 = Release|Any CPU
		{C3E6CACB-8EEF-4EC6-99D0-BFA259454D95}.Debug|Any CPU.ActiveCfg = Debug|Any CPU
		{C3E6CACB-8EEF-4EC6-99D0-BFA259454D95}.Debug|Any CPU.Build.0 = Debug|Any CPU
		{C3E6CACB-8EEF-4EC6-99D0-BFA259454D95}.Release|Any CPU.ActiveCfg = Release|Any CPU
		{C3E6CACB-8EEF-4EC6-99D0-BFA259454D95}.Release|Any CPU.Build.0 = Release|Any CPU
	EndGlobalSection
	GlobalSection(SolutionProperties) = preSolution
		HideSolutionNode = FALSE
	EndGlobalSection
	GlobalSection(NestedProjects) = preSolution
		{F5BC22E1-E478-4EAF-B283-3F59F416643F} = {36D591C7-65C7-A0D1-1CBC-10CDE441BDC8}
		{C7ED41C0-7D25-4306-B34A-B35EAE419406} = {DC7FF349-4055-4A09-8477-CF4F5E12E95C}
		{C3E6CACB-8EEF-4EC6-99D0-BFA259454D95} = {C7ED41C0-7D25-4306-B34A-B35EAE419406}
	EndGlobalSection
	GlobalSection(ExtensibilityGlobals) = postSolution
		SolutionGuid = {1B06B78A-E306-41B6-A34B-0A2DF189BAC2}
	EndGlobalSection
EndGlobal
